{
	"name": "http-router-test-fixture",
	"version": "1.0.0",
	"lockfileVersion": 3,
	"requires": true,
	"packages": {
		"": {
			"name": "http-router-test-fixture",
			"version": "1.0.0",
			"dependencies": {
				"@harperdb/http-router": "file:../.."
			}
		},
		"../..": {
			"name": "@harperdb/http-router",
			"version": "0.4.2",
			"license": "Apache-2.0",
			"dependencies": {
				"@harperdb/http-cache": "^1.2.1",
				"send": "^1.1.0"
			},
			"devDependencies": {
				"@harperdb/code-guidelines": "^0.0.2",
				"@harperfast/integration-testing": "^0.4.0",
				"harper": "^5.0.28",
				"prettier": "^3.3.3",
				"typescript": "^6.0.3"
			}
		},
		"node_modules/@harperdb/http-router": {
			"resolved": "../..",
			"link": true
		}
	}
}
